
Microsoft Visual Studio Solution File, Format Version 12.00
# Visual Studio Version 17
VisualStudioVersion = 17.4.33213.308
MinimumVisualStudioVersion = 10.0.40219.1
Project("{FAE04EC0-301F-11D3-BF4B-00C04F79EFBC}") = "HelloApp", "HelloApp\HelloApp.csproj", "{886C7CA9-50D8-455C-B756-700663E43A26}"
EndProject
Global
	GlobalSection(SolutionConfigurationPlatforms) = preSolution
		Debug|Any CPU = Debug|Any CPU
		Release|Any CPU = Release|Any CPU
	EndGlobalSection
	GlobalSection(ProjectConfigurationPlatforms) = postSolution
		{886C7CA9-50D8-455C-B756-700663E43A26}.Debug|Any CPU.ActiveCfg = Debug|Any CPU
		{886C7CA9-50D8-455C-B756-700663E43A26}.Debug|Any CPU.Build.0 = Debug|Any CPU
		{886C7CA9-50D8-455C-B756-700663E43A26}.Release|Any CPU.ActiveCfg = Release|Any CPU
		{886C7CA9-50D8-455C-B756-700663E43A26}.Release|Any CPU.Build.0 = Release|Any CPU
	EndGlobalSection
	GlobalSection(SolutionProperties) = preSolution
		HideSolutionNode = FALSE
	EndGlobalSection
	GlobalSection(ExtensibilityGlobals) = postSolution
		SolutionGuid = {4C64F3C6-6430-4472-8AFA-282F64291A66}
	EndGlobalSection
EndGlobal
